
Microsoft Visual Studio Solution File, Format Version 12.00
# Visual Studio 15
VisualStudioVersion = 15.0.27130.2036
MinimumVisualStudioVersion = 10.0.40219.1
Project("{FAE04EC0-301F-11D3-BF4B-00C04F79EFBC}") = "SingleResponsibility", "SinglePrinciple\SingleResponsibility.csproj", "{F3D282B6-9E05-4F8F-8DCA-FBAEDAC07CFF}"
EndProject
Project("{FAE04EC0-301F-11D3-BF4B-00C04F79EFBC}") = "OpenClosedPrinciple", "OpenClosedPrinciple\OpenClosedPrinciple.csproj", "{5650C9B3-9BAD-4606-AE11-6A0658725AA3}"
EndProject
Project("{FAE04EC0-301F-11D3-BF4B-00C04F79EFBC}") = "LiskovSubsitution", "LiskovSubsitution\LiskovSubsitution.csproj", "{0C4DA2CD-8C53-4098-AB32-B02E3C13203D}"
EndProject
Project("{FAE04EC0-301F-11D3-BF4B-00C04F79EFBC}") = "InterfaceSegregation", "InterfaceSegregation\InterfaceSegregation.csproj", "{594546DA-8534-4DA2-9051-84C3DC8B58C0}"
EndProject
Project("{FAE04EC0-301F-11D3-BF4B-00C04F79EFBC}") = "DependencyInversion", "DependencyInversion\DependencyInversion.csproj", "{60EDE362-7BFC-477B-83AA-C53C5A69B029}"
EndProject
Project("{2150E333-8FDC-42A3-9474-1A3956D46DE8}") = "SOLID", "SOLID", "{ED966F5B-0A3B-483E-98CE-8E4986AC07A3}"
EndProject
Project("{2150E333-8FDC-42A3-9474-1A3956D46DE8}") = "BuilderPattern", "BuilderPattern", "{2B44D639-07FD-4EE3-B24C-BD18DA405D20}"
EndProject
Project("{FAE04EC0-301F-11D3-BF4B-00C04F79EFBC}") = "Builder", "Builder\Builder.csproj", "{CDB4FB11-5185-456B-B2C5-FCF2CA202E91}"
EndProject
Project("{FAE04EC0-301F-11D3-BF4B-00C04F79EFBC}") = "FluentBuilderInheritanceWithRecursive", "FluentBuilderInheritanceWithRecursive\FluentBuilderInheritanceWithRecursive.csproj", "{083E5B5C-C5F5-4333-8BC3-69C543ECCAA4}"
EndProject
Project("{FAE04EC0-301F-11D3-BF4B-00C04F79EFBC}") = "FacetedBuilder", "FacetedBuilder\FacetedBuilder.csproj", "{8A8212C6-507F-4E07-AD3E-59B8768B0EBF}"
EndProject
Project("{FAE04EC0-301F-11D3-BF4B-00C04F79EFBC}") = "BuilderExcercise", "BuilderExcercise\BuilderExcercise.csproj", "{8F9ACD2F-89C8-41D1-A87A-F93B185B4960}"
EndProject
Project("{2150E333-8FDC-42A3-9474-1A3956D46DE8}") = "Factories", "Factories", "{CDAE6C0F-7BCB-48EE-B3B8-99B515E8AD8E}"
EndProject
Project("{FAE04EC0-301F-11D3-BF4B-00C04F79EFBC}") = "FactoryExcercise", "FactoryExcercise\FactoryExcercise.csproj", "{49F5221B-3D92-4B5B-95F9-16826B686966}"
EndProject
Project("{2150E333-8FDC-42A3-9474-1A3956D46DE8}") = "Prototype", "Prototype", "{792BCF15-6CC1-45E2-915E-3DFCED290C9B}"
EndProject
Project("{FAE04EC0-301F-11D3-BF4B-00C04F79EFBC}") = "WhyIClonableIsBad", "WhyIClonableIsBad\WhyIClonableIsBad.csproj", "{815A650E-4310-4E45-9CB9-32D712B759F3}"
EndProject
Project("{FAE04EC0-301F-11D3-BF4B-00C04F79EFBC}") = "UsingCopyConstructors", "UsingCopyConstructors\UsingCopyConstructors.csproj", "{0D3C0637-3DDF-4494-93D3-B7AE1CFD9765}"
EndProject
Project("{FAE04EC0-301F-11D3-BF4B-00C04F79EFBC}") = "ExplicitDeepCopy", "ExplicitDeepCopy\ExplicitDeepCopy.csproj", "{5E3F76AE-BC42-49C1-81F5-3C3516FC8986}"
EndProject
Project("{FAE04EC0-301F-11D3-BF4B-00C04F79EFBC}") = "CopyThroughSerialization", "CopyThroughSerialization\CopyThroughSerialization.csproj", "{8B821764-6E51-4E48-B499-A602A9AE998B}"
EndProject
Project("{FAE04EC0-301F-11D3-BF4B-00C04F79EFBC}") = "PrototypeExcercise", "PrototypeExcercise\PrototypeExcercise.csproj", "{1481131F-A8F1-4EB4-ADA5-AD046C13E156}"
EndProject
Project("{2150E333-8FDC-42A3-9474-1A3956D46DE8}") = "Singleton", "Singleton", "{83DA3739-DC11-423C-BFC2-4612579AE27D}"
EndProject
Project("{FAE04EC0-301F-11D3-BF4B-00C04F79EFBC}") = "SingletonImplementation", "SingletonImplementation\SingletonImplementation.csproj", "{530CDB45-5713-4F11-8DB1-2AC966DCAF93}"
EndProject
Project("{FAE04EC0-301F-11D3-BF4B-00C04F79EFBC}") = "Monostate", "Monostate\Monostate.csproj", "{488035BE-C0EA-4A75-B8B4-0C8DA8F72552}"
EndProject
Project("{FAE04EC0-301F-11D3-BF4B-00C04F79EFBC}") = "SingletonExcersice", "SingletonExcersice\SingletonExcersice.csproj", "{D8EEE226-2554-4334-9C5A-B2D53C10EF00}"
EndProject
Project("{2150E333-8FDC-42A3-9474-1A3956D46DE8}") = "Creational", "Creational", "{DC3A690B-ECD6-4CF6-A4BB-FAF4A4FED6FD}"
EndProject
Project("{2150E333-8FDC-42A3-9474-1A3956D46DE8}") = "Structural", "Structural", "{79B943A3-43EB-435C-8A64-57FA66712708}"
EndProject
Project("{2150E333-8FDC-42A3-9474-1A3956D46DE8}") = "Adapter", "Adapter", "{FAC27EC4-CD76-4BA3-9C72-0601226C6B5B}"
EndProject
Project("{2150E333-8FDC-42A3-9474-1A3956D46DE8}") = "Bridge", "Bridge", "{D2AA967E-0B23-437F-A443-B29BC633F765}"
EndProject
Project("{FAE04EC0-301F-11D3-BF4B-00C04F79EFBC}") = "BridgeExcersice", "BridgeExcersice\BridgeExcersice.csproj", "{90A9B5EF-329E-42AA-B7A5-F04B1BDB1254}"
EndProject
Global
	GlobalSection(SolutionConfigurationPlatforms) = preSolution
		Debug|Any CPU = Debug|Any CPU
		Release|Any CPU = Release|Any CPU
	EndGlobalSection
	GlobalSection(ProjectConfigurationPlatforms) = postSolution
		{F3D282B6-9E05-4F8F-8DCA-FBAEDAC07CFF}.Debug|Any CPU.ActiveCfg = Debug|Any CPU
		{F3D282B6-9E05-4F8F-8DCA-FBAEDAC07CFF}.Debug|Any CPU.Build.0 = Debug|Any CPU
		{F3D282B6-9E05-4F8F-8DCA-FBAEDAC07CFF}.Release|Any CPU.ActiveCfg = Release|Any CPU
		{F3D282B6-9E05-4F8F-8DCA-FBAEDAC07CFF}.Release|Any CPU.Build.0 = Release|Any CPU
		{5650C9B3-9BAD-4606-AE11-6A0658725AA3}.Debug|Any CPU.ActiveCfg = Debug|Any CPU
		{5650C9B3-9BAD-4606-AE11-6A0658725AA3}.Debug|Any CPU.Build.0 = Debug|Any CPU
		{5650C9B3-9BAD-4606-AE11-6A0658725AA3}.Release|Any CPU.ActiveCfg = Release|Any CPU
		{5650C9B3-9BAD-4606-AE11-6A0658725AA3}.Release|Any CPU.Build.0 = Release|Any CPU
		{0C4DA2CD-8C53-4098-AB32-B02E3C13203D}.Debug|Any CPU.ActiveCfg = Debug|Any CPU
		{0C4DA2CD-8C53-4098-AB32-B02E3C13203D}.Debug|Any CPU.Build.0 = Debug|Any CPU
		{0C4DA2CD-8C53-4098-AB32-B02E3C13203D}.Release|Any CPU.ActiveCfg = Release|Any CPU
		{0C4DA2CD-8C53-4098-AB32-B02E3C13203D}.Release|Any CPU.Build.0 = Release|Any CPU
		{594546DA-8534-4DA2-9051-84C3DC8B58C0}.Debug|Any CPU.ActiveCfg = Debug|Any CPU
		{594546DA-8534-4DA2-9051-84C3DC8B58C0}.Debug|Any CPU.Build.0 = Debug|Any CPU
		{594546DA-8534-4DA2-9051-84C3DC8B58C0}.Release|Any CPU.ActiveCfg = Release|Any CPU
		{594546DA-8534-4DA2-9051-84C3DC8B58C0}.Release|Any CPU.Build.0 = Release|Any CPU
		{60EDE362-7BFC-477B-83AA-C53C5A69B029}.Debug|Any CPU.ActiveCfg = Debug|Any CPU
		{60EDE362-7BFC-477B-83AA-C53C5A69B029}.Debug|Any CPU.Build.0 = Debug|Any CPU
		{60EDE362-7BFC-477B-83AA-C53C5A69B029}.Release|Any CPU.ActiveCfg = Release|Any CPU
		{60EDE362-7BFC-477B-83AA-C53C5A69B029}.Release|Any CPU.Build.0 = Release|Any CPU
		{CDB4FB11-5185-456B-B2C5-FCF2CA202E91}.Debug|Any CPU.ActiveCfg = Debug|Any CPU
		{CDB4FB11-5185-456B-B2C5-FCF2CA202E91}.Debug|Any CPU.Build.0 = Debug|Any CPU
		{CDB4FB11-5185-456B-B2C5-FCF2CA202E91}.Release|Any CPU.ActiveCfg = Release|Any CPU
		{CDB4FB11-5185-456B-B2C5-FCF2CA202E91}.Release|Any CPU.Build.0 = Release|Any CPU
		{083E5B5C-C5F5-4333-8BC3-69C543ECCAA4}.Debug|Any CPU.ActiveCfg = Debug|Any CPU
		{083E5B5C-C5F5-4333-8BC3-69C543ECCAA4}.Debug|Any CPU.Build.0 = Debug|Any CPU
		{083E5B5C-C5F5-4333-8BC3-69C543ECCAA4}.Release|Any CPU.ActiveCfg = Release|Any CPU
		{083E5B5C-C5F5-4333-8BC3-69C543ECCAA4}.Release|Any CPU.Build.0 = Release|Any CPU
		{8A8212C6-507F-4E07-AD3E-59B8768B0EBF}.Debug|Any CPU.ActiveCfg = Debug|Any CPU
		{8A8212C6-507F-4E07-AD3E-59B8768B0EBF}.Debug|Any CPU.Build.0 = Debug|Any CPU
		{8A8212C6-507F-4E07-AD3E-59B8768B0EBF}.Release|Any CPU.ActiveCfg = Release|Any CPU
		{8A8212C6-507F-4E07-AD3E-59B8768B0EBF}.Release|Any CPU.Build.0 = Release|Any CPU
		{8F9ACD2F-89C8-41D1-A87A-F93B185B4960}.Debug|Any CPU.ActiveCfg = Debug|Any CPU
		{8F9ACD2F-89C8-41D1-A87A-F93B185B4960}.Debug|Any CPU.Build.0 = Debug|Any CPU
		{8F9ACD2F-89C8-41D1-A87A-F93B185B4960}.Release|Any CPU.ActiveCfg = Release|Any CPU
		{8F9ACD2F-89C8-41D1-A87A-F93B185B4960}.Release|Any CPU.Build.0 = Release|Any CPU
		{49F5221B-3D92-4B5B-95F9-16826B686966}.Debug|Any CPU.ActiveCfg = Debug|Any CPU
		{49F5221B-3D92-4B5B-95F9-16826B686966}.Debug|Any CPU.Build.0 = Debug|Any CPU
		{49F5221B-3D92-4B5B-95F9-16826B686966}.Release|Any CPU.ActiveCfg = Release|Any CPU
		{49F5221B-3D92-4B5B-95F9-16826B686966}.Release|Any CPU.Build.0 = Release|Any CPU
		{815A650E-4310-4E45-9CB9-32D712B759F3}.Debug|Any CPU.ActiveCfg = Debug|Any CPU
		{815A650E-4310-4E45-9CB9-32D712B759F3}.Debug|Any CPU.Build.0 = Debug|Any CPU
		{815A650E-4310-4E45-9CB9-32D712B759F3}.Release|Any CPU.ActiveCfg = Release|Any CPU
		{815A650E-4310-4E45-9CB9-32D712B759F3}.Release|Any CPU.Build.0 = Release|Any CPU
		{0D3C0637-3DDF-4494-93D3-B7AE1CFD9765}.Debug|Any CPU.ActiveCfg = Debug|Any CPU
		{0D3C0637-3DDF-4494-93D3-B7AE1CFD9765}.Debug|Any CPU.Build.0 = Debug|Any CPU
		{0D3C0637-3DDF-4494-93D3-B7AE1CFD9765}.Release|Any CPU.ActiveCfg = Release|Any CPU
		{0D3C0637-3DDF-4494-93D3-B7AE1CFD9765}.Release|Any CPU.Build.0 = Release|Any CPU
		{5E3F76AE-BC42-49C1-81F5-3C3516FC8986}.Debug|Any CPU.ActiveCfg = Debug|Any CPU
		{5E3F76AE-BC42-49C1-81F5-3C3516FC8986}.Debug|Any CPU.Build.0 = Debug|Any CPU
		{5E3F76AE-BC42-49C1-81F5-3C3516FC8986}.Release|Any CPU.ActiveCfg = Release|Any CPU
		{5E3F76AE-BC42-49C1-81F5-3C3516FC8986}.Release|Any CPU.Build.0 = Release|Any CPU
		{8B821764-6E51-4E48-B499-A602A9AE998B}.Debug|Any CPU.ActiveCfg = Debug|Any CPU
		{8B821764-6E51-4E48-B499-A602A9AE998B}.Debug|Any CPU.Build.0 = Debug|Any CPU
		{8B821764-6E51-4E48-B499-A602A9AE998B}.Release|Any CPU.ActiveCfg = Release|Any CPU
		{8B821764-6E51-4E48-B499-A602A9AE998B}.Release|Any CPU.Build.0 = Release|Any CPU
		{1481131F-A8F1-4EB4-ADA5-AD046C13E156}.Debug|Any CPU.ActiveCfg = Debug|Any CPU
		{1481131F-A8F1-4EB4-ADA5-AD046C13E156}.Debug|Any CPU.Build.0 = Debug|Any CPU
		{1481131F-A8F1-4EB4-ADA5-AD046C13E156}.Release|Any CPU.ActiveCfg = Release|Any CPU
		{1481131F-A8F1-4EB4-ADA5-AD046C13E156}.Release|Any CPU.Build.0 = Release|Any CPU
		{530CDB45-5713-4F11-8DB1-2AC966DCAF93}.Debug|Any CPU.ActiveCfg = Debug|Any CPU
		{530CDB45-5713-4F11-8DB1-2AC966DCAF93}.Debug|Any CPU.Build.0 = Debug|Any CPU
		{530CDB45-5713-4F11-8DB1-2AC966DCAF93}.Release|Any CPU.ActiveCfg = Release|Any CPU
		{530CDB45-5713-4F11-8DB1-2AC966DCAF93}.Release|Any CPU.Build.0 = Release|Any CPU
		{488035BE-C0EA-4A75-B8B4-0C8DA8F72552}.Debug|Any CPU.ActiveCfg = Debug|Any CPU
		{488035BE-C0EA-4A75-B8B4-0C8DA8F72552}.Debug|Any CPU.Build.0 = Debug|Any CPU
		{488035BE-C0EA-4A75-B8B4-0C8DA8F72552}.Release|Any CPU.ActiveCfg = Release|Any CPU
		{488035BE-C0EA-4A75-B8B4-0C8DA8F72552}.Release|Any CPU.Build.0 = Release|Any CPU
		{D8EEE226-2554-4334-9C5A-B2D53C10EF00}.Debug|Any CPU.ActiveCfg = Debug|Any CPU
		{D8EEE226-2554-4334-9C5A-B2D53C10EF00}.Debug|Any CPU.Build.0 = Debug|Any CPU
		{D8EEE226-2554-4334-9C5A-B2D53C10EF00}.Release|Any CPU.ActiveCfg = Release|Any CPU
		{D8EEE226-2554-4334-9C5A-B2D53C10EF00}.Release|Any CPU.Build.0 = Release|Any CPU
		{90A9B5EF-329E-42AA-B7A5-F04B1BDB1254}.Debug|Any CPU.ActiveCfg = Debug|Any CPU
		{90A9B5EF-329E-42AA-B7A5-F04B1BDB1254}.Debug|Any CPU.Build.0 = Debug|Any CPU
		{90A9B5EF-329E-42AA-B7A5-F04B1BDB1254}.Release|Any CPU.ActiveCfg = Release|Any CPU
		{90A9B5EF-329E-42AA-B7A5-F04B1BDB1254}.Release|Any CPU.Build.0 = Release|Any CPU
	EndGlobalSection
	GlobalSection(SolutionProperties) = preSolution
		HideSolutionNode = FALSE
	EndGlobalSection
	GlobalSection(NestedProjects) = preSolution
		{F3D282B6-9E05-4F8F-8DCA-FBAEDAC07CFF} = {ED966F5B-0A3B-483E-98CE-8E4986AC07A3}
		{5650C9B3-9BAD-4606-AE11-6A0658725AA3} = {ED966F5B-0A3B-483E-98CE-8E4986AC07A3}
		{0C4DA2CD-8C53-4098-AB32-B02E3C13203D} = {ED966F5B-0A3B-483E-98CE-8E4986AC07A3}
		{594546DA-8534-4DA2-9051-84C3DC8B58C0} = {ED966F5B-0A3B-483E-98CE-8E4986AC07A3}
		{60EDE362-7BFC-477B-83AA-C53C5A69B029} = {ED966F5B-0A3B-483E-98CE-8E4986AC07A3}
		{2B44D639-07FD-4EE3-B24C-BD18DA405D20} = {DC3A690B-ECD6-4CF6-A4BB-FAF4A4FED6FD}
		{CDB4FB11-5185-456B-B2C5-FCF2CA202E91} = {2B44D639-07FD-4EE3-B24C-BD18DA405D20}
		{083E5B5C-C5F5-4333-8BC3-69C543ECCAA4} = {2B44D639-07FD-4EE3-B24C-BD18DA405D20}
		{8A8212C6-507F-4E07-AD3E-59B8768B0EBF} = {2B44D639-07FD-4EE3-B24C-BD18DA405D20}
		{8F9ACD2F-89C8-41D1-A87A-F93B185B4960} = {2B44D639-07FD-4EE3-B24C-BD18DA405D20}
		{CDAE6C0F-7BCB-48EE-B3B8-99B515E8AD8E} = {DC3A690B-ECD6-4CF6-A4BB-FAF4A4FED6FD}
		{49F5221B-3D92-4B5B-95F9-16826B686966} = {CDAE6C0F-7BCB-48EE-B3B8-99B515E8AD8E}
		{792BCF15-6CC1-45E2-915E-3DFCED290C9B} = {DC3A690B-ECD6-4CF6-A4BB-FAF4A4FED6FD}
		{815A650E-4310-4E45-9CB9-32D712B759F3} = {792BCF15-6CC1-45E2-915E-3DFCED290C9B}
		{0D3C0637-3DDF-4494-93D3-B7AE1CFD9765} = {792BCF15-6CC1-45E2-915E-3DFCED290C9B}
		{5E3F76AE-BC42-49C1-81F5-3C3516FC8986} = {792BCF15-6CC1-45E2-915E-3DFCED290C9B}
		{8B821764-6E51-4E48-B499-A602A9AE998B} = {792BCF15-6CC1-45E2-915E-3DFCED290C9B}
		{1481131F-A8F1-4EB4-ADA5-AD046C13E156} = {792BCF15-6CC1-45E2-915E-3DFCED290C9B}
		{83DA3739-DC11-423C-BFC2-4612579AE27D} = {DC3A690B-ECD6-4CF6-A4BB-FAF4A4FED6FD}
		{530CDB45-5713-4F11-8DB1-2AC966DCAF93} = {83DA3739-DC11-423C-BFC2-4612579AE27D}
		{488035BE-C0EA-4A75-B8B4-0C8DA8F72552} = {83DA3739-DC11-423C-BFC2-4612579AE27D}
		{D8EEE226-2554-4334-9C5A-B2D53C10EF00} = {83DA3739-DC11-423C-BFC2-4612579AE27D}
		{FAC27EC4-CD76-4BA3-9C72-0601226C6B5B} = {79B943A3-43EB-435C-8A64-57FA66712708}
		{D2AA967E-0B23-437F-A443-B29BC633F765} = {79B943A3-43EB-435C-8A64-57FA66712708}
		{90A9B5EF-329E-42AA-B7A5-F04B1BDB1254} = {D2AA967E-0B23-437F-A443-B29BC633F765}
	EndGlobalSection
	GlobalSection(ExtensibilityGlobals) = postSolution
		SolutionGuid = {A5E6F7A6-E2B6-4029-B8D7-916F2BD5E70C}
	EndGlobalSection
EndGlobal
